
Microsoft Visual Studio Solution File, Format Version 12.00
# Visual Studio Version 17
VisualStudioVersion = 17.7.34024.191
MinimumVisualStudioVersion = 10.0.40219.1
Project("{8BC9CEB8-8B4A-11D0-8D11-00A0C91BC942}") = "task1", "task1\task1.vcxproj", "{F8830388-1139-4BAD-A20E-58795A9F94B3}"
EndProject
Project("{8BC9CEB8-8B4A-11D0-8D11-00A0C91BC942}") = "task3", "task3\task3.vcxproj", "{C11DB2BD-0221-4454-94B4-CD40CCD1A3D0}"
EndProject
Project("{8BC9CEB8-8B4A-11D0-8D11-00A0C91BC942}") = "task4", "task4\task4.vcxproj", "{413F0009-BA9A-45BA-9D59-85A8B541F34F}"
EndProject
Project("{8BC9CEB8-8B4A-11D0-8D11-00A0C91BC942}") = "task5", "task5\task5.vcxproj", "{767B24E4-701A-4BC6-91ED-8DAA1DAC4727}"
EndProject
Project("{8BC9CEB8-8B4A-11D0-8D11-00A0C91BC942}") = "task6", "task6\task6.vcxproj", "{A4BAA63A-7390-4A1C-BB8B-26292A374570}"
EndProject
Project("{8BC9CEB8-8B4A-11D0-8D11-00A0C91BC942}") = "task7", "task7\task7.vcxproj", "{90A932C3-DF41-4EC5-B43C-971B0A030BAE}"
EndProject
Project("{8BC9CEB8-8B4A-11D0-8D11-00A0C91BC942}") = "task2", "task2\task2.vcxproj", "{87229B33-F78C-4152-9F37-007B7B12FED6}"
EndProject
Global
	GlobalSection(SolutionConfigurationPlatforms) = preSolution
		Debug|x64 = Debug|x64
		Debug|x86 = Debug|x86
		Release|x64 = Release|x64
		Release|x86 = Release|x86
	EndGlobalSection
	GlobalSection(ProjectConfigurationPlatforms) = postSolution
		{F8830388-1139-4BAD-A20E-58795A9F94B3}.Debug|x64.ActiveCfg = Debug|x64
		{F8830388-1139-4BAD-A20E-58795A9F94B3}.Debug|x64.Build.0 = Debug|x64
		{F8830388-1139-4BAD-A20E-58795A9F94B3}.Debug|x86.ActiveCfg = Debug|Win32
		{F8830388-1139-4BAD-A20E-58795A9F94B3}.Debug|x86.Build.0 = Debug|Win32
		{F8830388-1139-4BAD-A20E-58795A9F94B3}.Release|x64.ActiveCfg = Release|x64
		{F8830388-1139-4BAD-A20E-58795A9F94B3}.Release|x64.Build.0 = Release|x64
		{F8830388-1139-4BAD-A20E-58795A9F94B3}.Release|x86.ActiveCfg = Release|Win32
		{F8830388-1139-4BAD-A20E-58795A9F94B3}.Release|x86.Build.0 = Release|Win32
		{C11DB2BD-0221-4454-94B4-CD40CCD1A3D0}.Debug|x64.ActiveCfg = Debug|x64
		{C11DB2BD-0221-4454-94B4-CD40CCD1A3D0}.Debug|x64.Build.0 = Debug|x64
		{C11DB2BD-0221-4454-94B4-CD40CCD1A3D0}.Debug|x86.ActiveCfg = Debug|Win32
		{C11DB2BD-0221-4454-94B4-CD40CCD1A3D0}.Debug|x86.Build.0 = Debug|Win32
		{C11DB2BD-0221-4454-94B4-CD40CCD1A3D0}.Release|x64.ActiveCfg = Release|x64
		{C11DB2BD-0221-4454-94B4-CD40CCD1A3D0}.Release|x64.Build.0 = Release|x64
		{C11DB2BD-0221-4454-94B4-CD40CCD1A3D0}.Release|x86.ActiveCfg = Release|Win32
		{C11DB2BD-0221-4454-94B4-CD40CCD1A3D0}.Release|x86.Build.0 = Release|Win32
		{413F0009-BA9A-45BA-9D59-85A8B541F34F}.Debug|x64.ActiveCfg = Debug|x64
		{413F0009-BA9A-45BA-9D59-85A8B541F34F}.Debug|x64.Build.0 = Debug|x64
		{413F0009-BA9A-45BA-9D59-85A8B541F34F}.Debug|x86.ActiveCfg = Debug|Win32
		{413F0009-BA9A-45BA-9D59-85A8B541F34F}.Debug|x86.Build.0 = Debug|Win32
		{413F0009-BA9A-45BA-9D59-85A8B541F34F}.Release|x64.ActiveCfg = Release|x64
		{413F0009-BA9A-45BA-9D59-85A8B541F34F}.Release|x64.Build.0 = Release|x64
		{413F0009-BA9A-45BA-9D59-85A8B541F34F}.Release|x86.ActiveCfg = Release|Win32
		{413F0009-BA9A-45BA-9D59-85A8B541F34F}.Release|x86.Build.0 = Release|Win32
		{767B24E4-701A-4BC6-91ED-8DAA1DAC4727}.Debug|x64.ActiveCfg = Debug|x64
		{767B24E4-701A-4BC6-91ED-8DAA1DAC4727}.Debug|x64.Build.0 = Debug|x64
		{767B24E4-701A-4BC6-91ED-8DAA1DAC4727}.Debug|x86.ActiveCfg = Debug|Win32
		{767B24E4-701A-4BC6-91ED-8DAA1DAC4727}.Debug|x86.Build.0 = Debug|Win32
		{767B24E4-701A-4BC6-91ED-8DAA1DAC4727}.Release|x64.ActiveCfg = Release|x64
		{767B24E4-701A-4BC6-91ED-8DAA1DAC4727}.Release|x64.Build.0 = Release|x64
		{767B24E4-701A-4BC6-91ED-8DAA1DAC4727}.Release|x86.ActiveCfg = Release|Win32
		{767B24E4-701A-4BC6-91ED-8DAA1DAC4727}.Release|x86.Build.0 = Release|Win32
		{A4BAA63A-7390-4A1C-BB8B-26292A374570}.Debug|x64.ActiveCfg = Debug|x64
		{A4BAA63A-7390-4A1C-BB8B-26292A374570}.Debug|x64.Build.0 = Debug|x64
		{A4BAA63A-7390-4A1C-BB8B-26292A374570}.Debug|x86.ActiveCfg = Debug|Win32
		{A4BAA63A-7390-4A1C-BB8B-26292A374570}.Debug|x86.Build.0 = Debug|Win32
		{A4BAA63A-7390-4A1C-BB8B-26292A374570}.Release|x64.ActiveCfg = Release|x64
		{A4BAA63A-7390-4A1C-BB8B-26292A374570}.Release|x64.Build.0 = Release|x64
		{A4BAA63A-7390-4A1C-BB8B-26292A374570}.Release|x86.ActiveCfg = Release|Win32
		{A4BAA63A-7390-4A1C-BB8B-26292A374570}.Release|x86.Build.0 = Release|Win32
		{90A932C3-DF41-4EC5-B43C-971B0A030BAE}.Debug|x64.ActiveCfg = Debug|x64
		{90A932C3-DF41-4EC5-B43C-971B0A030BAE}.Debug|x64.Build.0 = Debug|x64
		{90A932C3-DF41-4EC5-B43C-971B0A030BAE}.Debug|x86.ActiveCfg = Debug|Win32
		{90A932C3-DF41-4EC5-B43C-971B0A030BAE}.Debug|x86.Build.0 = Debug|Win32
		{90A932C3-DF41-4EC5-B43C-971B0A030BAE}.Release|x64.ActiveCfg = Release|x64
		{90A932C3-DF41-4EC5-B43C-971B0A030BAE}.Release|x64.Build.0 = Release|x64
		{90A932C3-DF41-4EC5-B43C-971B0A030BAE}.Release|x86.ActiveCfg = Release|Win32
		{90A932C3-DF41-4EC5-B43C-971B0A030BAE}.Release|x86.Build.0 = Release|Win32
		{87229B33-F78C-4152-9F37-007B7B12FED6}.Debug|x64.ActiveCfg = Debug|x64
		{87229B33-F78C-4152-9F37-007B7B12FED6}.Debug|x64.Build.0 = Debug|x64
		{87229B33-F78C-4152-9F37-007B7B12FED6}.Debug|x86.ActiveCfg = Debug|Win32
		{87229B33-F78C-4152-9F37-007B7B12FED6}.Debug|x86.Build.0 = Debug|Win32
		{87229B33-F78C-4152-9F37-007B7B12FED6}.Release|x64.ActiveCfg = Release|x64
		{87229B33-F78C-4152-9F37-007B7B12FED6}.Release|x64.Build.0 = Release|x64
		{87229B33-F78C-4152-9F37-007B7B12FED6}.Release|x86.ActiveCfg = Release|Win32
		{87229B33-F78C-4152-9F37-007B7B12FED6}.Release|x86.Build.0 = Release|Win32
	EndGlobalSection
	GlobalSection(SolutionProperties) = preSolution
		HideSolutionNode = FALSE
	EndGlobalSection
	GlobalSection(ExtensibilityGlobals) = postSolution
		SolutionGuid = {365459A2-E8CD-4FDF-9CE0-38ED1B7ED50C}
	EndGlobalSection
EndGlobal
