
Microsoft Visual Studio Solution File, Format Version 12.00
# Visual Studio Version 17
VisualStudioVersion = 17.7.34024.191
MinimumVisualStudioVersion = 10.0.40219.1
Project("{8BC9CEB8-8B4A-11D0-8D11-00A0C91BC942}") = "task1", "task1\task1.vcxproj", "{9282B10E-75E8-4B07-9512-957775F3E7D8}"
EndProject
Project("{8BC9CEB8-8B4A-11D0-8D11-00A0C91BC942}") = "task2", "task2\task2.vcxproj", "{9E8F02C9-1243-4B26-BBD6-A273CE1F878E}"
EndProject
Project("{8BC9CEB8-8B4A-11D0-8D11-00A0C91BC942}") = "task3", "task3\task3.vcxproj", "{BC64ACD7-52C1-40A9-958C-D8A3ACAEE2BD}"
EndProject
Project("{8BC9CEB8-8B4A-11D0-8D11-00A0C91BC942}") = "task4", "task4\task4.vcxproj", "{367B857E-FECE-4670-93A4-D1CE398022D0}"
EndProject
Project("{8BC9CEB8-8B4A-11D0-8D11-00A0C91BC942}") = "task5", "task5\task5.vcxproj", "{0F7D4083-816E-46D3-B7C3-A1BA70AC414F}"
EndProject
Project("{8BC9CEB8-8B4A-11D0-8D11-00A0C91BC942}") = "task7", "task7\task7.vcxproj", "{69A1292D-7661-495F-B3D5-B9A662B59F0A}"
EndProject
Project("{8BC9CEB8-8B4A-11D0-8D11-00A0C91BC942}") = "task8", "task8\task8.vcxproj", "{0AAC676D-3F68-4CED-8939-2DE7B51AC417}"
EndProject
Project("{8BC9CEB8-8B4A-11D0-8D11-00A0C91BC942}") = "task10", "task10\task10.vcxproj", "{F2787B05-C3D1-455E-AA7A-9F8B7DC816CD}"
EndProject
Project("{8BC9CEB8-8B4A-11D0-8D11-00A0C91BC942}") = "task6", "task6\task6.vcxproj", "{F1ED5409-96D1-44EA-91E5-6D91BE076893}"
EndProject
Project("{8BC9CEB8-8B4A-11D0-8D11-00A0C91BC942}") = "task9", "task9\task9.vcxproj", "{6B945FD2-546D-450F-BED2-1F74D2EC9D26}"
EndProject
Project("{8BC9CEB8-8B4A-11D0-8D11-00A0C91BC942}") = "task11", "task11\task11.vcxproj", "{D7041510-F913-4A33-8228-D34BA97AC370}"
EndProject
Project("{8BC9CEB8-8B4A-11D0-8D11-00A0C91BC942}") = "task12", "task12\task12.vcxproj", "{EC59DCF9-BB46-43A9-BA47-F6CB9D21505A}"
EndProject
Project("{8BC9CEB8-8B4A-11D0-8D11-00A0C91BC942}") = "task13", "task13\task13.vcxproj", "{F34230B9-E4EF-412B-A7A5-98159053EC0D}"
EndProject
Project("{8BC9CEB8-8B4A-11D0-8D11-00A0C91BC942}") = "task14", "task14\task14.vcxproj", "{F32E2918-071D-43D5-8C25-D225D8F76F81}"
EndProject
Project("{8BC9CEB8-8B4A-11D0-8D11-00A0C91BC942}") = "task15", "task15\task15.vcxproj", "{7D2FCC9E-DDFC-4E16-90D2-5EAD7229458B}"
EndProject
Project("{8BC9CEB8-8B4A-11D0-8D11-00A0C91BC942}") = "task16", "task16\task16.vcxproj", "{051584AC-C0D3-481C-8FCF-98B549560100}"
EndProject
Global
	GlobalSection(SolutionConfigurationPlatforms) = preSolution
		Debug|x64 = Debug|x64
		Debug|x86 = Debug|x86
		Release|x64 = Release|x64
		Release|x86 = Release|x86
	EndGlobalSection
	GlobalSection(ProjectConfigurationPlatforms) = postSolution
		{9282B10E-75E8-4B07-9512-957775F3E7D8}.Debug|x64.ActiveCfg = Debug|x64
		{9282B10E-75E8-4B07-9512-957775F3E7D8}.Debug|x64.Build.0 = Debug|x64
		{9282B10E-75E8-4B07-9512-957775F3E7D8}.Debug|x86.ActiveCfg = Debug|Win32
		{9282B10E-75E8-4B07-9512-957775F3E7D8}.Debug|x86.Build.0 = Debug|Win32
		{9282B10E-75E8-4B07-9512-957775F3E7D8}.Release|x64.ActiveCfg = Release|x64
		{9282B10E-75E8-4B07-9512-957775F3E7D8}.Release|x64.Build.0 = Release|x64
		{9282B10E-75E8-4B07-9512-957775F3E7D8}.Release|x86.ActiveCfg = Release|Win32
		{9282B10E-75E8-4B07-9512-957775F3E7D8}.Release|x86.Build.0 = Release|Win32
		{9E8F02C9-1243-4B26-BBD6-A273CE1F878E}.Debug|x64.ActiveCfg = Debug|x64
		{9E8F02C9-1243-4B26-BBD6-A273CE1F878E}.Debug|x64.Build.0 = Debug|x64
		{9E8F02C9-1243-4B26-BBD6-A273CE1F878E}.Debug|x86.ActiveCfg = Debug|Win32
		{9E8F02C9-1243-4B26-BBD6-A273CE1F878E}.Debug|x86.Build.0 = Debug|Win32
		{9E8F02C9-1243-4B26-BBD6-A273CE1F878E}.Release|x64.ActiveCfg = Release|x64
		{9E8F02C9-1243-4B26-BBD6-A273CE1F878E}.Release|x64.Build.0 = Release|x64
		{9E8F02C9-1243-4B26-BBD6-A273CE1F878E}.Release|x86.ActiveCfg = Release|Win32
		{9E8F02C9-1243-4B26-BBD6-A273CE1F878E}.Release|x86.Build.0 = Release|Win32
		{BC64ACD7-52C1-40A9-958C-D8A3ACAEE2BD}.Debug|x64.ActiveCfg = Debug|x64
		{BC64ACD7-52C1-40A9-958C-D8A3ACAEE2BD}.Debug|x64.Build.0 = Debug|x64
		{BC64ACD7-52C1-40A9-958C-D8A3ACAEE2BD}.Debug|x86.ActiveCfg = Debug|Win32
		{BC64ACD7-52C1-40A9-958C-D8A3ACAEE2BD}.Debug|x86.Build.0 = Debug|Win32
		{BC64ACD7-52C1-40A9-958C-D8A3ACAEE2BD}.Release|x64.ActiveCfg = Release|x64
		{BC64ACD7-52C1-40A9-958C-D8A3ACAEE2BD}.Release|x64.Build.0 = Release|x64
		{BC64ACD7-52C1-40A9-958C-D8A3ACAEE2BD}.Release|x86.ActiveCfg = Release|Win32
		{BC64ACD7-52C1-40A9-958C-D8A3ACAEE2BD}.Release|x86.Build.0 = Release|Win32
		{367B857E-FECE-4670-93A4-D1CE398022D0}.Debug|x64.ActiveCfg = Debug|x64
		{367B857E-FECE-4670-93A4-D1CE398022D0}.Debug|x64.Build.0 = Debug|x64
		{367B857E-FECE-4670-93A4-D1CE398022D0}.Debug|x86.ActiveCfg = Debug|Win32
		{367B857E-FECE-4670-93A4-D1CE398022D0}.Debug|x86.Build.0 = Debug|Win32
		{367B857E-FECE-4670-93A4-D1CE398022D0}.Release|x64.ActiveCfg = Release|x64
		{367B857E-FECE-4670-93A4-D1CE398022D0}.Release|x64.Build.0 = Release|x64
		{367B857E-FECE-4670-93A4-D1CE398022D0}.Release|x86.ActiveCfg = Release|Win32
		{367B857E-FECE-4670-93A4-D1CE398022D0}.Release|x86.Build.0 = Release|Win32
		{0F7D4083-816E-46D3-B7C3-A1BA70AC414F}.Debug|x64.ActiveCfg = Debug|x64
		{0F7D4083-816E-46D3-B7C3-A1BA70AC414F}.Debug|x64.Build.0 = Debug|x64
		{0F7D4083-816E-46D3-B7C3-A1BA70AC414F}.Debug|x86.ActiveCfg = Debug|Win32
		{0F7D4083-816E-46D3-B7C3-A1BA70AC414F}.Debug|x86.Build.0 = Debug|Win32
		{0F7D4083-816E-46D3-B7C3-A1BA70AC414F}.Release|x64.ActiveCfg = Release|x64
		{0F7D4083-816E-46D3-B7C3-A1BA70AC414F}.Release|x64.Build.0 = Release|x64
		{0F7D4083-816E-46D3-B7C3-A1BA70AC414F}.Release|x86.ActiveCfg = Release|Win32
		{0F7D4083-816E-46D3-B7C3-A1BA70AC414F}.Release|x86.Build.0 = Release|Win32
		{69A1292D-7661-495F-B3D5-B9A662B59F0A}.Debug|x64.ActiveCfg = Debug|x64
		{69A1292D-7661-495F-B3D5-B9A662B59F0A}.Debug|x64.Build.0 = Debug|x64
		{69A1292D-7661-495F-B3D5-B9A662B59F0A}.Debug|x86.ActiveCfg = Debug|Win32
		{69A1292D-7661-495F-B3D5-B9A662B59F0A}.Debug|x86.Build.0 = Debug|Win32
		{69A1292D-7661-495F-B3D5-B9A662B59F0A}.Release|x64.ActiveCfg = Release|x64
		{69A1292D-7661-495F-B3D5-B9A662B59F0A}.Release|x64.Build.0 = Release|x64
		{69A1292D-7661-495F-B3D5-B9A662B59F0A}.Release|x86.ActiveCfg = Release|Win32
		{69A1292D-7661-495F-B3D5-B9A662B59F0A}.Release|x86.Build.0 = Release|Win32
		{0AAC676D-3F68-4CED-8939-2DE7B51AC417}.Debug|x64.ActiveCfg = Debug|x64
		{0AAC676D-3F68-4CED-8939-2DE7B51AC417}.Debug|x64.Build.0 = Debug|x64
		{0AAC676D-3F68-4CED-8939-2DE7B51AC417}.Debug|x86.ActiveCfg = Debug|Win32
		{0AAC676D-3F68-4CED-8939-2DE7B51AC417}.Debug|x86.Build.0 = Debug|Win32
		{0AAC676D-3F68-4CED-8939-2DE7B51AC417}.Release|x64.ActiveCfg = Release|x64
		{0AAC676D-3F68-4CED-8939-2DE7B51AC417}.Release|x64.Build.0 = Release|x64
		{0AAC676D-3F68-4CED-8939-2DE7B51AC417}.Release|x86.ActiveCfg = Release|Win32
		{0AAC676D-3F68-4CED-8939-2DE7B51AC417}.Release|x86.Build.0 = Release|Win32
		{F2787B05-C3D1-455E-AA7A-9F8B7DC816CD}.Debug|x64.ActiveCfg = Debug|x64
		{F2787B05-C3D1-455E-AA7A-9F8B7DC816CD}.Debug|x64.Build.0 = Debug|x64
		{F2787B05-C3D1-455E-AA7A-9F8B7DC816CD}.Debug|x86.ActiveCfg = Debug|Win32
		{F2787B05-C3D1-455E-AA7A-9F8B7DC816CD}.Debug|x86.Build.0 = Debug|Win32
		{F2787B05-C3D1-455E-AA7A-9F8B7DC816CD}.Release|x64.ActiveCfg = Release|x64
		{F2787B05-C3D1-455E-AA7A-9F8B7DC816CD}.Release|x64.Build.0 = Release|x64
		{F2787B05-C3D1-455E-AA7A-9F8B7DC816CD}.Release|x86.ActiveCfg = Release|Win32
		{F2787B05-C3D1-455E-AA7A-9F8B7DC816CD}.Release|x86.Build.0 = Release|Win32
		{F1ED5409-96D1-44EA-91E5-6D91BE076893}.Debug|x64.ActiveCfg = Debug|x64
		{F1ED5409-96D1-44EA-91E5-6D91BE076893}.Debug|x64.Build.0 = Debug|x64
		{F1ED5409-96D1-44EA-91E5-6D91BE076893}.Debug|x86.ActiveCfg = Debug|Win32
		{F1ED5409-96D1-44EA-91E5-6D91BE076893}.Debug|x86.Build.0 = Debug|Win32
		{F1ED5409-96D1-44EA-91E5-6D91BE076893}.Release|x64.ActiveCfg = Release|x64
		{F1ED5409-96D1-44EA-91E5-6D91BE076893}.Release|x64.Build.0 = Release|x64
		{F1ED5409-96D1-44EA-91E5-6D91BE076893}.Release|x86.ActiveCfg = Release|Win32
		{F1ED5409-96D1-44EA-91E5-6D91BE076893}.Release|x86.Build.0 = Release|Win32
		{6B945FD2-546D-450F-BED2-1F74D2EC9D26}.Debug|x64.ActiveCfg = Debug|x64
		{6B945FD2-546D-450F-BED2-1F74D2EC9D26}.Debug|x64.Build.0 = Debug|x64
		{6B945FD2-546D-450F-BED2-1F74D2EC9D26}.Debug|x86.ActiveCfg = Debug|Win32
		{6B945FD2-546D-450F-BED2-1F74D2EC9D26}.Debug|x86.Build.0 = Debug|Win32
		{6B945FD2-546D-450F-BED2-1F74D2EC9D26}.Release|x64.ActiveCfg = Release|x64
		{6B945FD2-546D-450F-BED2-1F74D2EC9D26}.Release|x64.Build.0 = Release|x64
		{6B945FD2-546D-450F-BED2-1F74D2EC9D26}.Release|x86.ActiveCfg = Release|Win32
		{6B945FD2-546D-450F-BED2-1F74D2EC9D26}.Release|x86.Build.0 = Release|Win32
		{D7041510-F913-4A33-8228-D34BA97AC370}.Debug|x64.ActiveCfg = Debug|x64
		{D7041510-F913-4A33-8228-D34BA97AC370}.Debug|x64.Build.0 = Debug|x64
		{D7041510-F913-4A33-8228-D34BA97AC370}.Debug|x86.ActiveCfg = Debug|Win32
		{D7041510-F913-4A33-8228-D34BA97AC370}.Debug|x86.Build.0 = Debug|Win32
		{D7041510-F913-4A33-8228-D34BA97AC370}.Release|x64.ActiveCfg = Release|x64
		{D7041510-F913-4A33-8228-D34BA97AC370}.Release|x64.Build.0 = Release|x64
		{D7041510-F913-4A33-8228-D34BA97AC370}.Release|x86.ActiveCfg = Release|Win32
		{D7041510-F913-4A33-8228-D34BA97AC370}.Release|x86.Build.0 = Release|Win32
		{EC59DCF9-BB46-43A9-BA47-F6CB9D21505A}.Debug|x64.ActiveCfg = Debug|x64
		{EC59DCF9-BB46-43A9-BA47-F6CB9D21505A}.Debug|x64.Build.0 = Debug|x64
		{EC59DCF9-BB46-43A9-BA47-F6CB9D21505A}.Debug|x86.ActiveCfg = Debug|Win32
		{EC59DCF9-BB46-43A9-BA47-F6CB9D21505A}.Debug|x86.Build.0 = Debug|Win32
		{EC59DCF9-BB46-43A9-BA47-F6CB9D21505A}.Release|x64.ActiveCfg = Release|x64
		{EC59DCF9-BB46-43A9-BA47-F6CB9D21505A}.Release|x64.Build.0 = Release|x64
		{EC59DCF9-BB46-43A9-BA47-F6CB9D21505A}.Release|x86.ActiveCfg = Release|Win32
		{EC59DCF9-BB46-43A9-BA47-F6CB9D21505A}.Release|x86.Build.0 = Release|Win32
		{F34230B9-E4EF-412B-A7A5-98159053EC0D}.Debug|x64.ActiveCfg = Debug|x64
		{F34230B9-E4EF-412B-A7A5-98159053EC0D}.Debug|x64.Build.0 = Debug|x64
		{F34230B9-E4EF-412B-A7A5-98159053EC0D}.Debug|x86.ActiveCfg = Debug|Win32
		{F34230B9-E4EF-412B-A7A5-98159053EC0D}.Debug|x86.Build.0 = Debug|Win32
		{F34230B9-E4EF-412B-A7A5-98159053EC0D}.Release|x64.ActiveCfg = Release|x64
		{F34230B9-E4EF-412B-A7A5-98159053EC0D}.Release|x64.Build.0 = Release|x64
		{F34230B9-E4EF-412B-A7A5-98159053EC0D}.Release|x86.ActiveCfg = Release|Win32
		{F34230B9-E4EF-412B-A7A5-98159053EC0D}.Release|x86.Build.0 = Release|Win32
		{F32E2918-071D-43D5-8C25-D225D8F76F81}.Debug|x64.ActiveCfg = Debug|x64
		{F32E2918-071D-43D5-8C25-D225D8F76F81}.Debug|x64.Build.0 = Debug|x64
		{F32E2918-071D-43D5-8C25-D225D8F76F81}.Debug|x86.ActiveCfg = Debug|Win32
		{F32E2918-071D-43D5-8C25-D225D8F76F81}.Debug|x86.Build.0 = Debug|Win32
		{F32E2918-071D-43D5-8C25-D225D8F76F81}.Release|x64.ActiveCfg = Release|x64
		{F32E2918-071D-43D5-8C25-D225D8F76F81}.Release|x64.Build.0 = Release|x64
		{F32E2918-071D-43D5-8C25-D225D8F76F81}.Release|x86.ActiveCfg = Release|Win32
		{F32E2918-071D-43D5-8C25-D225D8F76F81}.Release|x86.Build.0 = Release|Win32
		{7D2FCC9E-DDFC-4E16-90D2-5EAD7229458B}.Debug|x64.ActiveCfg = Debug|x64
		{7D2FCC9E-DDFC-4E16-90D2-5EAD7229458B}.Debug|x64.Build.0 = Debug|x64
		{7D2FCC9E-DDFC-4E16-90D2-5EAD7229458B}.Debug|x86.ActiveCfg = Debug|Win32
		{7D2FCC9E-DDFC-4E16-90D2-5EAD7229458B}.Debug|x86.Build.0 = Debug|Win32
		{7D2FCC9E-DDFC-4E16-90D2-5EAD7229458B}.Release|x64.ActiveCfg = Release|x64
		{7D2FCC9E-DDFC-4E16-90D2-5EAD7229458B}.Release|x64.Build.0 = Release|x64
		{7D2FCC9E-DDFC-4E16-90D2-5EAD7229458B}.Release|x86.ActiveCfg = Release|Win32
		{7D2FCC9E-DDFC-4E16-90D2-5EAD7229458B}.Release|x86.Build.0 = Release|Win32
		{051584AC-C0D3-481C-8FCF-98B549560100}.Debug|x64.ActiveCfg = Debug|x64
		{051584AC-C0D3-481C-8FCF-98B549560100}.Debug|x64.Build.0 = Debug|x64
		{051584AC-C0D3-481C-8FCF-98B549560100}.Debug|x86.ActiveCfg = Debug|Win32
		{051584AC-C0D3-481C-8FCF-98B549560100}.Debug|x86.Build.0 = Debug|Win32
		{051584AC-C0D3-481C-8FCF-98B549560100}.Release|x64.ActiveCfg = Release|x64
		{051584AC-C0D3-481C-8FCF-98B549560100}.Release|x64.Build.0 = Release|x64
		{051584AC-C0D3-481C-8FCF-98B549560100}.Release|x86.ActiveCfg = Release|Win32
		{051584AC-C0D3-481C-8FCF-98B549560100}.Release|x86.Build.0 = Release|Win32
	EndGlobalSection
	GlobalSection(SolutionProperties) = preSolution
		HideSolutionNode = FALSE
	EndGlobalSection
	GlobalSection(ExtensibilityGlobals) = postSolution
		SolutionGuid = {9C7B1FD3-2547-4952-B725-A2A2E45C008C}
	EndGlobalSection
EndGlobal
